
Microsoft Visual Studio Solution File, Format Version 12.00
# Visual Studio Version 17
VisualStudioVersion = 17.7.34031.279
MinimumVisualStudioVersion = 10.0.40219.1
Project("{9A19103F-16F7-4668-BE54-9A1E7A4F7556}") = "Echo Client", "Echo Client\Echo Client.csproj", "{C95CC5A7-F898-4353-AE41-E41FA7DADABB}"
EndProject
Project("{9A19103F-16F7-4668-BE54-9A1E7A4F7556}") = "EchoUtility", "EchoUtility\EchoUtility.csproj", "{E0853C50-5838-4305-9A66-0DA71F530103}"
EndProject
Project("{FAE04EC0-301F-11D3-BF4B-00C04F79EFBC}") = "Echo Server", "Echo Server\Echo Server.csproj", "{999BD9EB-5BA7-4224-AFD8-6266ED2877EE}"
EndProject
Global
	GlobalSection(SolutionConfigurationPlatforms) = preSolution
		Debug|Any CPU = Debug|Any CPU
		Release|Any CPU = Release|Any CPU
	EndGlobalSection
	GlobalSection(ProjectConfigurationPlatforms) = postSolution
		{C95CC5A7-F898-4353-AE41-E41FA7DADABB}.Debug|Any CPU.ActiveCfg = Debug|Any CPU
		{C95CC5A7-F898-4353-AE41-E41FA7DADABB}.Debug|Any CPU.Build.0 = Debug|Any CPU
		{C95CC5A7-F898-4353-AE41-E41FA7DADABB}.Release|Any CPU.ActiveCfg = Release|Any CPU
		{C95CC5A7-F898-4353-AE41-E41FA7DADABB}.Release|Any CPU.Build.0 = Release|Any CPU
		{E0853C50-5838-4305-9A66-0DA71F530103}.Debug|Any CPU.ActiveCfg = Debug|Any CPU
		{E0853C50-5838-4305-9A66-0DA71F530103}.Debug|Any CPU.Build.0 = Debug|Any CPU
		{E0853C50-5838-4305-9A66-0DA71F530103}.Release|Any CPU.ActiveCfg = Release|Any CPU
		{E0853C50-5838-4305-9A66-0DA71F530103}.Release|Any CPU.Build.0 = Release|Any CPU
		{999BD9EB-5BA7-4224-AFD8-6266ED2877EE}.Debug|Any CPU.ActiveCfg = Debug|Any CPU
		{999BD9EB-5BA7-4224-AFD8-6266ED2877EE}.Debug|Any CPU.Build.0 = Debug|Any CPU
		{999BD9EB-5BA7-4224-AFD8-6266ED2877EE}.Release|Any CPU.ActiveCfg = Release|Any CPU
		{999BD9EB-5BA7-4224-AFD8-6266ED2877EE}.Release|Any CPU.Build.0 = Release|Any CPU
	EndGlobalSection
	GlobalSection(SolutionProperties) = preSolution
		HideSolutionNode = FALSE
	EndGlobalSection
	GlobalSection(ExtensibilityGlobals) = postSolution
		SolutionGuid = {47BC3B5F-762D-4122-8F3A-8A2719CD0739}
	EndGlobalSection
EndGlobal
